
Microsoft Visual Studio Solution File, Format Version 12.00
# Visual Studio Version 17
VisualStudioVersion = 17.0.31919.166
MinimumVisualStudioVersion = 10.0.40219.1
Project("{FAE04EC0-301F-11D3-BF4B-00C04F79EFBC}") = "CpmPedidos.Domain", "CpmPedidos.Domain\CpmPedidos.Domain.csproj", "{C964DBCD-1795-4A84-AC21-1829214D40EA}"
EndProject
Project("{FAE04EC0-301F-11D3-BF4B-00C04F79EFBC}") = "CpmPedidos.Interface", "CpmPedidos.Interface\CpmPedidos.Interface.csproj", "{BB19C24D-F237-42AA-B81F-E3DCFDB35509}"
EndProject
Project("{FAE04EC0-301F-11D3-BF4B-00C04F79EFBC}") = "CpmPedidos.Repository", "CpmPedidos.Repository\CpmPedidos.Repository.csproj", "{5D1171AD-2ACA-4CD6-BF5C-A6757D98396B}"
EndProject
Project("{FAE04EC0-301F-11D3-BF4B-00C04F79EFBC}") = "CpmPedidos.API", "CpmPedidos.API\CpmPedidos.API.csproj", "{CC171ECB-F7C4-4E12-AA6A-D289A42568DE}"
EndProject
Global
	GlobalSection(SolutionConfigurationPlatforms) = preSolution
		Debug|Any CPU = Debug|Any CPU
		Release|Any CPU = Release|Any CPU
	EndGlobalSection
	GlobalSection(ProjectConfigurationPlatforms) = postSolution
		{C964DBCD-1795-4A84-AC21-1829214D40EA}.Debug|Any CPU.ActiveCfg = Debug|Any CPU
		{C964DBCD-1795-4A84-AC21-1829214D40EA}.Debug|Any CPU.Build.0 = Debug|Any CPU
		{C964DBCD-1795-4A84-AC21-1829214D40EA}.Release|Any CPU.ActiveCfg = Release|Any CPU
		{C964DBCD-1795-4A84-AC21-1829214D40EA}.Release|Any CPU.Build.0 = Release|Any CPU
		{BB19C24D-F237-42AA-B81F-E3DCFDB35509}.Debug|Any CPU.ActiveCfg = Debug|Any CPU
		{BB19C24D-F237-42AA-B81F-E3DCFDB35509}.Debug|Any CPU.Build.0 = Debug|Any CPU
		{BB19C24D-F237-42AA-B81F-E3DCFDB35509}.Release|Any CPU.ActiveCfg = Release|Any CPU
		{BB19C24D-F237-42AA-B81F-E3DCFDB35509}.Release|Any CPU.Build.0 = Release|Any CPU
		{5D1171AD-2ACA-4CD6-BF5C-A6757D98396B}.Debug|Any CPU.ActiveCfg = Debug|Any CPU
		{5D1171AD-2ACA-4CD6-BF5C-A6757D98396B}.Debug|Any CPU.Build.0 = Debug|Any CPU
		{5D1171AD-2ACA-4CD6-BF5C-A6757D98396B}.Release|Any CPU.ActiveCfg = Release|Any CPU
		{5D1171AD-2ACA-4CD6-BF5C-A6757D98396B}.Release|Any CPU.Build.0 = Release|Any CPU
		{CC171ECB-F7C4-4E12-AA6A-D289A42568DE}.Debug|Any CPU.ActiveCfg = Debug|Any CPU
		{CC171ECB-F7C4-4E12-AA6A-D289A42568DE}.Debug|Any CPU.Build.0 = Debug|Any CPU
		{CC171ECB-F7C4-4E12-AA6A-D289A42568DE}.Release|Any CPU.ActiveCfg = Release|Any CPU
		{CC171ECB-F7C4-4E12-AA6A-D289A42568DE}.Release|Any CPU.Build.0 = Release|Any CPU
	EndGlobalSection
	GlobalSection(SolutionProperties) = preSolution
		HideSolutionNode = FALSE
	EndGlobalSection
	GlobalSection(ExtensibilityGlobals) = postSolution
		SolutionGuid = {06871CD3-2CB8-4F4A-B77D-0B4188A21BB2}
	EndGlobalSection
EndGlobal
